# This file is autogenerated, do not edit; changes may be undone by the next 'dep ensure'.


[[projects]]
  branch = "master"
  name = "github.com/chaosaffe/pgpwordlist"
  packages = ["."]
  revision = "da6dd39aba1f7bd74add0584387eb7a0e0d31d05"

[[projects]]
  name = "github.com/ghodss/yaml"
  packages = ["."]
  revision = "0ca9ea5df5451ffdf184b4428c902747c2c11cd7"
  version = "v1.0.0"

[[projects]]
  branch = "master"
  name = "golang.org/x/crypto"
  packages = [
    "cast5",
    "openpgp",
    "openpgp/armor",
    "openpgp/elgamal",
    "openpgp/errors",
    "openpgp/packet",
    "openpgp/s2k",
    "pbkdf2"
  ]
  revision = "a49355c7e3f8fe157a85be2f77e6e269a0f89602"

[[projects]]
  name = "gopkg.in/yaml.v2"
  packages = ["."]
  revision = "5420a8b6744d3b0345ab293f6fcba19c978f1183"
  version = "v2.2.1"

[[projects]]
  name = "pault.ag/go/ykpiv"
  packages = [
    ".",
    "internal/bytearray",
    "internal/pkcs1v15"
  ]
  revision = "f28518f20029f7ed12a8ced4fbce8c86981b4c5c"
  version = "1.1"

[solve-meta]
  analyzer-name = "dep"
  analyzer-version = 1
  inputs-digest = "b22f1b89fa6e01cade45e3b9a4486296a4e03c8fea89a19e874b128783020eaf"
  solver-name = "gps-cdcl"
  solver-version = 1
